// !$*UTF8*$!
{
	archiveVersion = 1;
	classes = {
	};
	objectVersion = 46;
	objects = {

/* Begin PBXBuildFile section */
		C95459891437889500F6B4A8 /* Mob.cpp in Sources */ = {isa = PBXBuildFile; fileRef = C95459881437889500F6B4A8 /* Mob.cpp */; };
		C95459931437B4BA00F6B4A8 /* mobs.ani in Resources */ = {isa = PBXBuildFile; fileRef = C95459921437B4BA00F6B4A8 /* mobs.ani */; };
		C9AE7C521423CA000000A9AC /* Foundation.framework in Frameworks */ = {isa = PBXBuildFile; fileRef = C9AE7C511423CA000000A9AC /* Foundation.framework */; };
		C9AE7C551423CA000000A9AC /* main.cpp in Sources */ = {isa = PBXBuildFile; fileRef = C9AE7C541423CA000000A9AC /* main.cpp */; };
		C9AE7C571423CA010000A9AC /* ResourcePath.mm in Sources */ = {isa = PBXBuildFile; fileRef = C9AE7C561423CA010000A9AC /* ResourcePath.mm */; };
		C9AE7C641423CA010000A9AC /* InfoPlist.strings in Resources */ = {isa = PBXBuildFile; fileRef = C9AE7C621423CA010000A9AC /* InfoPlist.strings */; };
		C9AE7C771423CA3B0000A9AC /* Game.cpp in Sources */ = {isa = PBXBuildFile; fileRef = C9AE7C6E1423CA3B0000A9AC /* Game.cpp */; };
		C9AE7C791423CA3B0000A9AC /* Logger.cpp in Sources */ = {isa = PBXBuildFile; fileRef = C9AE7C731423CA3B0000A9AC /* Logger.cpp */; };
		C9AE7C7A1423CA3B0000A9AC /* StateManager.cpp in Sources */ = {isa = PBXBuildFile; fileRef = C9AE7C751423CA3B0000A9AC /* StateManager.cpp */; };
		C9AE7C7D1423CA630000A9AC /* GameState.cpp in Sources */ = {isa = PBXBuildFile; fileRef = C9AE7C7C1423CA630000A9AC /* GameState.cpp */; };
		C9AE7C841423DEB70000A9AC /* KeeperGame.cpp in Sources */ = {isa = PBXBuildFile; fileRef = C9AE7C831423DEB70000A9AC /* KeeperGame.cpp */; };
		C9AE7C891423E2BC0000A9AC /* ConfigFile.cpp in Sources */ = {isa = PBXBuildFile; fileRef = C9AE7C881423E2BC0000A9AC /* ConfigFile.cpp */; };
		C9AE7C8B142423500000A9AC /* config.ini in Resources */ = {isa = PBXBuildFile; fileRef = C9AE7C8A142423500000A9AC /* config.ini */; };
		C9AE7C8E142427350000A9AC /* Player.cpp in Sources */ = {isa = PBXBuildFile; fileRef = C9AE7C8D142427350000A9AC /* Player.cpp */; };
		C9AE7C9114242A810000A9AC /* spritesheet.png in Resources */ = {isa = PBXBuildFile; fileRef = C9AE7C9014242A810000A9AC /* spritesheet.png */; };
		C9AE7C9614244E1E0000A9AC /* player.ini in Resources */ = {isa = PBXBuildFile; fileRef = C9AE7C9514244E1E0000A9AC /* player.ini */; };
		C9AE7C99142562960000A9AC /* scene.png in Resources */ = {isa = PBXBuildFile; fileRef = C9AE7C98142562960000A9AC /* scene.png */; };
		C9AE7C9B14257C130000A9AC /* Camera.cpp in Sources */ = {isa = PBXBuildFile; fileRef = C9AE7C9A14257C130000A9AC /* Camera.cpp */; };
		C9AE7CA01425A3840000A9AC /* fruit_fly.ogg in Resources */ = {isa = PBXBuildFile; fileRef = C9AE7C9F1425A3840000A9AC /* fruit_fly.ogg */; };
		C9AE7CA31425A52D0000A9AC /* Trashcan.cpp in Sources */ = {isa = PBXBuildFile; fileRef = C9AE7CA21425A52D0000A9AC /* Trashcan.cpp */; };
		C9AE7CA61425A5CA0000A9AC /* TextureManager.cpp in Sources */ = {isa = PBXBuildFile; fileRef = C9AE7CA51425A5CA0000A9AC /* TextureManager.cpp */; };
		C9AE7CA81425ABA80000A9AC /* trashcan.ini in Resources */ = {isa = PBXBuildFile; fileRef = C9AE7CA71425ABA80000A9AC /* trashcan.ini */; };
		C9AE7CAE1426925A0000A9AC /* Pedestrian.cpp in Sources */ = {isa = PBXBuildFile; fileRef = C9AE7CAD1426925A0000A9AC /* Pedestrian.cpp */; };
		C9AE7CB1142692A20000A9AC /* Entity.cpp in Sources */ = {isa = PBXBuildFile; fileRef = C9AE7CAF142692A00000A9AC /* Entity.cpp */; };
		C9AE7CB3142697260000A9AC /* pedestrian.ini in Resources */ = {isa = PBXBuildFile; fileRef = C9AE7CB2142697260000A9AC /* pedestrian.ini */; };
		C9B2BD5D143298310003598A /* AnimationStore.cpp in Sources */ = {isa = PBXBuildFile; fileRef = C9B2BD5C143298310003598A /* AnimationStore.cpp */; };
		C9B2BD6014329F8C0003598A /* player.ani in Resources */ = {isa = PBXBuildFile; fileRef = C9B2BD5F14329F8C0003598A /* player.ani */; };
		C9CD64E21435685F00450406 /* female-names.txt in Resources */ = {isa = PBXBuildFile; fileRef = C9CD64DF1435685F00450406 /* female-names.txt */; };
		C9CD64E31435685F00450406 /* last-names.txt in Resources */ = {isa = PBXBuildFile; fileRef = C9CD64E01435685F00450406 /* last-names.txt */; };
		C9CD64E41435685F00450406 /* male-names.txt in Resources */ = {isa = PBXBuildFile; fileRef = C9CD64E11435685F00450406 /* male-names.txt */; };
		C9CD64E81435693600450406 /* NameGenerator.cpp in Sources */ = {isa = PBXBuildFile; fileRef = C9CD64E71435693600450406 /* NameGenerator.cpp */; };
		C9CD64EF1435781000450406 /* female-names-unique.txt in Resources */ = {isa = PBXBuildFile; fileRef = C9CD64ED1435781000450406 /* female-names-unique.txt */; };
		C9CD64F01435781000450406 /* male-names-unique.txt in Resources */ = {isa = PBXBuildFile; fileRef = C9CD64EE1435781000450406 /* male-names-unique.txt */; };
/* End PBXBuildFile section */

/* Begin PBXFileReference section */
		C95459871437882A00F6B4A8 /* Mob.hpp */ = {isa = PBXFileReference; fileEncoding = 4; lastKnownFileType = sourcecode.cpp.h; path = Mob.hpp; sourceTree = "<group>"; };
		C95459881437889500F6B4A8 /* Mob.cpp */ = {isa = PBXFileReference; fileEncoding = 4; lastKnownFileType = sourcecode.cpp.cpp; path = Mob.cpp; sourceTree = "<group>"; };
		C954598D143799DA00F6B4A8 /* IAIComponent.hpp */ = {isa = PBXFileReference; fileEncoding = 4; lastKnownFileType = sourcecode.cpp.h; path = IAIComponent.hpp; sourceTree = "<group>"; };
		C95459921437B4BA00F6B4A8 /* mobs.ani */ = {isa = PBXFileReference; fileEncoding = 4; lastKnownFileType = text; path = mobs.ani; sourceTree = "<group>"; };
		C9AE7C4D1423CA000000A9AC /* TheKeeper.app */ = {isa = PBXFileReference; explicitFileType = wrapper.application; includeInIndex = 0; path = TheKeeper.app; sourceTree = BUILT_PRODUCTS_DIR; };
		C9AE7C511423CA000000A9AC /* Foundation.framework */ = {isa = PBXFileReference; lastKnownFileType = wrapper.framework; name = Foundation.framework; path = System/Library/Frameworks/Foundation.framework; sourceTree = SDKROOT; };
		C9AE7C541423CA000000A9AC /* main.cpp */ = {isa = PBXFileReference; lastKnownFileType = sourcecode.cpp.cpp; path = main.cpp; sourceTree = "<group>"; };
		C9AE7C561423CA010000A9AC /* ResourcePath.mm */ = {isa = PBXFileReference; lastKnownFileType = sourcecode.cpp.objcpp; path = ResourcePath.mm; sourceTree = "<group>"; };
		C9AE7C581423CA010000A9AC /* ResourcePath.hpp */ = {isa = PBXFileReference; lastKnownFileType = sourcecode.cpp.h; path = ResourcePath.hpp; sourceTree = "<group>"; };
		C9AE7C611423CA010000A9AC /* TheKeeper-Info.plist */ = {isa = PBXFileReference; lastKnownFileType = text.plist.xml; path = "TheKeeper-Info.plist"; sourceTree = "<group>"; };
		C9AE7C631423CA010000A9AC /* en */ = {isa = PBXFileReference; lastKnownFileType = text.plist.strings; name = en; path = en.lproj/InfoPlist.strings; sourceTree = "<group>"; };
		C9AE7C6C1423CA3B0000A9AC /* Core.hpp */ = {isa = PBXFileReference; fileEncoding = 4; lastKnownFileType = sourcecode.cpp.h; path = Core.hpp; sourceTree = "<group>"; };
		C9AE7C6D1423CA3B0000A9AC /* CoreTypes.hpp */ = {isa = PBXFileReference; fileEncoding = 4; lastKnownFileType = sourcecode.cpp.h; path = CoreTypes.hpp; sourceTree = "<group>"; };
		C9AE7C6E1423CA3B0000A9AC /* Game.cpp */ = {isa = PBXFileReference; fileEncoding = 4; lastKnownFileType = sourcecode.cpp.cpp; path = Game.cpp; sourceTree = "<group>"; };
		C9AE7C6F1423CA3B0000A9AC /* Game.hpp */ = {isa = PBXFileReference; fileEncoding = 4; lastKnownFileType = sourcecode.cpp.h; path = Game.hpp; sourceTree = "<group>"; };
		C9AE7C721423CA3B0000A9AC /* IState.hpp */ = {isa = PBXFileReference; fileEncoding = 4; lastKnownFileType = sourcecode.cpp.h; path = IState.hpp; sourceTree = "<group>"; };
		C9AE7C731423CA3B0000A9AC /* Logger.cpp */ = {isa = PBXFileReference; fileEncoding = 4; lastKnownFileType = sourcecode.cpp.cpp; path = Logger.cpp; sourceTree = "<group>"; };
		C9AE7C741423CA3B0000A9AC /* Logger.hpp */ = {isa = PBXFileReference; fileEncoding = 4; lastKnownFileType = sourcecode.cpp.h; path = Logger.hpp; sourceTree = "<group>"; };
		C9AE7C751423CA3B0000A9AC /* StateManager.cpp */ = {isa = PBXFileReference; fileEncoding = 4; lastKnownFileType = sourcecode.cpp.cpp; path = StateManager.cpp; sourceTree = "<group>"; };
		C9AE7C761423CA3B0000A9AC /* StateManager.hpp */ = {isa = PBXFileReference; fileEncoding = 4; lastKnownFileType = sourcecode.cpp.h; path = StateManager.hpp; sourceTree = "<group>"; };
		C9AE7C7C1423CA630000A9AC /* GameState.cpp */ = {isa = PBXFileReference; fileEncoding = 4; lastKnownFileType = sourcecode.cpp.cpp; path = GameState.cpp; sourceTree = "<group>"; };
		C9AE7C7E1423CA6E0000A9AC /* GameState.hpp */ = {isa = PBXFileReference; fileEncoding = 4; lastKnownFileType = sourcecode.cpp.h; path = GameState.hpp; sourceTree = "<group>"; };
		C9AE7C831423DEB70000A9AC /* KeeperGame.cpp */ = {isa = PBXFileReference; fileEncoding = 4; lastKnownFileType = sourcecode.cpp.cpp; path = KeeperGame.cpp; sourceTree = "<group>"; };
		C9AE7C851423DEC20000A9AC /* KeeperGame.hpp */ = {isa = PBXFileReference; fileEncoding = 4; lastKnownFileType = sourcecode.cpp.h; path = KeeperGame.hpp; sourceTree = "<group>"; };
		C9AE7C871423E2AD0000A9AC /* ConfigFile.hpp */ = {isa = PBXFileReference; fileEncoding = 4; lastKnownFileType = sourcecode.cpp.h; path = ConfigFile.hpp; sourceTree = "<group>"; };
		C9AE7C881423E2BC0000A9AC /* ConfigFile.cpp */ = {isa = PBXFileReference; fileEncoding = 4; lastKnownFileType = sourcecode.cpp.cpp; path = ConfigFile.cpp; sourceTree = "<group>"; };
		C9AE7C8A142423500000A9AC /* config.ini */ = {isa = PBXFileReference; fileEncoding = 4; lastKnownFileType = text; path = config.ini; sourceTree = "<group>"; };
		C9AE7C8D142427350000A9AC /* Player.cpp */ = {isa = PBXFileReference; fileEncoding = 4; lastKnownFileType = sourcecode.cpp.cpp; path = Player.cpp; sourceTree = "<group>"; };
		C9AE7C8F142427410000A9AC /* Player.hpp */ = {isa = PBXFileReference; fileEncoding = 4; lastKnownFileType = sourcecode.cpp.h; path = Player.hpp; sourceTree = "<group>"; };
		C9AE7C9014242A810000A9AC /* spritesheet.png */ = {isa = PBXFileReference; lastKnownFileType = image.png; path = spritesheet.png; sourceTree = "<group>"; };
		C9AE7C9514244E1E0000A9AC /* player.ini */ = {isa = PBXFileReference; fileEncoding = 4; lastKnownFileType = text; path = player.ini; sourceTree = "<group>"; };
		C9AE7C971425486C0000A9AC /* VectorMath.hpp */ = {isa = PBXFileReference; fileEncoding = 4; lastKnownFileType = sourcecode.cpp.h; path = VectorMath.hpp; sourceTree = "<group>"; };
		C9AE7C98142562960000A9AC /* scene.png */ = {isa = PBXFileReference; lastKnownFileType = image.png; path = scene.png; sourceTree = "<group>"; };
		C9AE7C9A14257C130000A9AC /* Camera.cpp */ = {isa = PBXFileReference; fileEncoding = 4; lastKnownFileType = sourcecode.cpp.cpp; path = Camera.cpp; sourceTree = "<group>"; };
		C9AE7C9C14257C1C0000A9AC /* Camera.hpp */ = {isa = PBXFileReference; fileEncoding = 4; lastKnownFileType = sourcecode.cpp.h; path = Camera.hpp; sourceTree = "<group>"; };
		C9AE7C9F1425A3840000A9AC /* fruit_fly.ogg */ = {isa = PBXFileReference; lastKnownFileType = file; path = fruit_fly.ogg; sourceTree = "<group>"; };
		C9AE7CA11425A51D0000A9AC /* Trashcan.hpp */ = {isa = PBXFileReference; fileEncoding = 4; lastKnownFileType = sourcecode.cpp.h; path = Trashcan.hpp; sourceTree = "<group>"; };
		C9AE7CA21425A52D0000A9AC /* Trashcan.cpp */ = {isa = PBXFileReference; fileEncoding = 4; lastKnownFileType = sourcecode.cpp.cpp; path = Trashcan.cpp; sourceTree = "<group>"; };
		C9AE7CA41425A5C20000A9AC /* TextureManager.hpp */ = {isa = PBXFileReference; fileEncoding = 4; lastKnownFileType = sourcecode.cpp.h; path = TextureManager.hpp; sourceTree = "<group>"; };
		C9AE7CA51425A5CA0000A9AC /* TextureManager.cpp */ = {isa = PBXFileReference; fileEncoding = 4; lastKnownFileType = sourcecode.cpp.cpp; path = TextureManager.cpp; sourceTree = "<group>"; };
		C9AE7CA71425ABA80000A9AC /* trashcan.ini */ = {isa = PBXFileReference; fileEncoding = 4; lastKnownFileType = text; path = trashcan.ini; sourceTree = "<group>"; };
		C9AE7CAC142692510000A9AC /* Pedestrian.hpp */ = {isa = PBXFileReference; fileEncoding = 4; lastKnownFileType = sourcecode.cpp.h; path = Pedestrian.hpp; sourceTree = "<group>"; };
		C9AE7CAD1426925A0000A9AC /* Pedestrian.cpp */ = {isa = PBXFileReference; fileEncoding = 4; lastKnownFileType = sourcecode.cpp.cpp; path = Pedestrian.cpp; sourceTree = "<group>"; };
		C9AE7CAF142692A00000A9AC /* Entity.cpp */ = {isa = PBXFileReference; fileEncoding = 4; lastKnownFileType = sourcecode.cpp.cpp; path = Entity.cpp; sourceTree = "<group>"; };
		C9AE7CB0142692A10000A9AC /* Entity.hpp */ = {isa = PBXFileReference; fileEncoding = 4; lastKnownFileType = sourcecode.cpp.h; path = Entity.hpp; sourceTree = "<group>"; };
		C9AE7CB2142697260000A9AC /* pedestrian.ini */ = {isa = PBXFileReference; fileEncoding = 4; lastKnownFileType = text; path = pedestrian.ini; sourceTree = "<group>"; };
		C9B2BD5C143298310003598A /* AnimationStore.cpp */ = {isa = PBXFileReference; fileEncoding = 4; lastKnownFileType = sourcecode.cpp.cpp; path = AnimationStore.cpp; sourceTree = "<group>"; };
		C9B2BD5E14329B100003598A /* AnimationStore.hpp */ = {isa = PBXFileReference; fileEncoding = 4; lastKnownFileType = sourcecode.cpp.h; path = AnimationStore.hpp; sourceTree = "<group>"; };
		C9B2BD5F14329F8C0003598A /* player.ani */ = {isa = PBXFileReference; fileEncoding = 4; lastKnownFileType = text; path = player.ani; sourceTree = "<group>"; };
		C9CD64DF1435685F00450406 /* female-names.txt */ = {isa = PBXFileReference; fileEncoding = 4; lastKnownFileType = text; path = "female-names.txt"; sourceTree = "<group>"; };
		C9CD64E01435685F00450406 /* last-names.txt */ = {isa = PBXFileReference; fileEncoding = 4; lastKnownFileType = text; path = "last-names.txt"; sourceTree = "<group>"; };
		C9CD64E11435685F00450406 /* male-names.txt */ = {isa = PBXFileReference; fileEncoding = 4; lastKnownFileType = text; path = "male-names.txt"; sourceTree = "<group>"; };
		C9CD64E61435690100450406 /* NameGenerator.hpp */ = {isa = PBXFileReference; fileEncoding = 4; lastKnownFileType = sourcecode.cpp.h; path = NameGenerator.hpp; sourceTree = "<group>"; };
		C9CD64E71435693600450406 /* NameGenerator.cpp */ = {isa = PBXFileReference; fileEncoding = 4; lastKnownFileType = sourcecode.cpp.cpp; path = NameGenerator.cpp; sourceTree = "<group>"; };
		C9CD64ED1435781000450406 /* female-names-unique.txt */ = {isa = PBXFileReference; fileEncoding = 4; lastKnownFileType = text; path = "female-names-unique.txt"; sourceTree = "<group>"; };
		C9CD64EE1435781000450406 /* male-names-unique.txt */ = {isa = PBXFileReference; fileEncoding = 4; lastKnownFileType = text; path = "male-names-unique.txt"; sourceTree = "<group>"; };
/* End PBXFileReference section */

/* Begin PBXFrameworksBuildPhase section */
		C9AE7C4A1423CA000000A9AC /* Frameworks */ = {
			isa = PBXFrameworksBuildPhase;
			buildActionMask = 2147483647;
			files = (
				C9AE7C521423CA000000A9AC /* Foundation.framework in Frameworks */,
			);
			runOnlyForDeploymentPostprocessing = 0;
		};
/* End PBXFrameworksBuildPhase section */

/* Begin PBXGroup section */
		C954598E14379A7C00F6B4A8 /* Mobs */ = {
			isa = PBXGroup;
			children = (
				C95459871437882A00F6B4A8 /* Mob.hpp */,
				C95459881437889500F6B4A8 /* Mob.cpp */,
			);
			name = Mobs;
			sourceTree = "<group>";
		};
		C9AE7C411423CA000000A9AC = {
			isa = PBXGroup;
			children = (
				C9AE7C531423CA000000A9AC /* TheKeeper */,
				C9AE7C501423CA000000A9AC /* Frameworks */,
				C9AE7C4E1423CA000000A9AC /* Products */,
			);
			sourceTree = "<group>";
		};
		C9AE7C4E1423CA000000A9AC /* Products */ = {
			isa = PBXGroup;
			children = (
				C9AE7C4D1423CA000000A9AC /* TheKeeper.app */,
			);
			name = Products;
			sourceTree = "<group>";
		};
		C9AE7C501423CA000000A9AC /* Frameworks */ = {
			isa = PBXGroup;
			children = (
				C9AE7C511423CA000000A9AC /* Foundation.framework */,
			);
			name = Frameworks;
			sourceTree = "<group>";
		};
		C9AE7C531423CA000000A9AC /* TheKeeper */ = {
			isa = PBXGroup;
			children = (
				C954598E14379A7C00F6B4A8 /* Mobs */,
				C9AE7C8C142427250000A9AC /* Entities */,
				C9AE7C861423E2970000A9AC /* Config */,
				C9AE7C7B1423CA4F0000A9AC /* States */,
				C9AE7C6A1423CA3B0000A9AC /* GFE */,
				C9AE7C541423CA000000A9AC /* main.cpp */,
				C9AE7C561423CA010000A9AC /* ResourcePath.mm */,
				C9AE7C581423CA010000A9AC /* ResourcePath.hpp */,
				C9AE7C831423DEB70000A9AC /* KeeperGame.cpp */,
				C9AE7C851423DEC20000A9AC /* KeeperGame.hpp */,
				C9CD64E61435690100450406 /* NameGenerator.hpp */,
				C9CD64E71435693600450406 /* NameGenerator.cpp */,
				C9AE7C591423CA010000A9AC /* Resources */,
				C9AE7C601423CA010000A9AC /* Supporting Files */,
			);
			path = TheKeeper;
			sourceTree = "<group>";
		};
		C9AE7C591423CA010000A9AC /* Resources */ = {
			isa = PBXGroup;
			children = (
				C95459921437B4BA00F6B4A8 /* mobs.ani */,
				C9CD64ED1435781000450406 /* female-names-unique.txt */,
				C9CD64EE1435781000450406 /* male-names-unique.txt */,
				C9CD64DF1435685F00450406 /* female-names.txt */,
				C9CD64E01435685F00450406 /* last-names.txt */,
				C9CD64E11435685F00450406 /* male-names.txt */,
				C9B2BD5F14329F8C0003598A /* player.ani */,
				C9AE7C9F1425A3840000A9AC /* fruit_fly.ogg */,
				C9AE7C98142562960000A9AC /* scene.png */,
				C9AE7C9014242A810000A9AC /* spritesheet.png */,
				C9AE7C8A142423500000A9AC /* config.ini */,
				C9AE7C9514244E1E0000A9AC /* player.ini */,
				C9AE7CA71425ABA80000A9AC /* trashcan.ini */,
				C9AE7CB2142697260000A9AC /* pedestrian.ini */,
			);
			name = Resources;
			sourceTree = "<group>";
		};
		C9AE7C601423CA010000A9AC /* Supporting Files */ = {
			isa = PBXGroup;
			children = (
				C9AE7C611423CA010000A9AC /* TheKeeper-Info.plist */,
				C9AE7C621423CA010000A9AC /* InfoPlist.strings */,
			);
			name = "Supporting Files";
			sourceTree = "<group>";
		};
		C9AE7C6A1423CA3B0000A9AC /* GFE */ = {
			isa = PBXGroup;
			children = (
				C9B2BD5E14329B100003598A /* AnimationStore.hpp */,
				C9B2BD5C143298310003598A /* AnimationStore.cpp */,
				C9AE7CAF142692A00000A9AC /* Entity.cpp */,
				C9AE7CB0142692A10000A9AC /* Entity.hpp */,
				C9AE7C6C1423CA3B0000A9AC /* Core.hpp */,
				C9AE7C6D1423CA3B0000A9AC /* CoreTypes.hpp */,
				C9AE7C6E1423CA3B0000A9AC /* Game.cpp */,
				C9AE7C6F1423CA3B0000A9AC /* Game.hpp */,
				C9AE7C721423CA3B0000A9AC /* IState.hpp */,
				C9AE7C731423CA3B0000A9AC /* Logger.cpp */,
				C9AE7C741423CA3B0000A9AC /* Logger.hpp */,
				C9AE7C751423CA3B0000A9AC /* StateManager.cpp */,
				C9AE7C761423CA3B0000A9AC /* StateManager.hpp */,
				C9AE7C971425486C0000A9AC /* VectorMath.hpp */,
				C9AE7C9A14257C130000A9AC /* Camera.cpp */,
				C9AE7C9C14257C1C0000A9AC /* Camera.hpp */,
				C9AE7CA41425A5C20000A9AC /* TextureManager.hpp */,
				C9AE7CA51425A5CA0000A9AC /* TextureManager.cpp */,
				C954598D143799DA00F6B4A8 /* IAIComponent.hpp */,
			);
			path = GFE;
			sourceTree = "<group>";
		};
		C9AE7C7B1423CA4F0000A9AC /* States */ = {
			isa = PBXGroup;
			children = (
				C9AE7C7E1423CA6E0000A9AC /* GameState.hpp */,
				C9AE7C7C1423CA630000A9AC /* GameState.cpp */,
			);
			name = States;
			sourceTree = "<group>";
		};
		C9AE7C861423E2970000A9AC /* Config */ = {
			isa = PBXGroup;
			children = (
				C9AE7C871423E2AD0000A9AC /* ConfigFile.hpp */,
				C9AE7C881423E2BC0000A9AC /* ConfigFile.cpp */,
			);
			name = Config;
			sourceTree = "<group>";
		};
		C9AE7C8C142427250000A9AC /* Entities */ = {
			isa = PBXGroup;
			children = (
				C9AE7C8F142427410000A9AC /* Player.hpp */,
				C9AE7C8D142427350000A9AC /* Player.cpp */,
				C9AE7CA11425A51D0000A9AC /* Trashcan.hpp */,
				C9AE7CA21425A52D0000A9AC /* Trashcan.cpp */,
				C9AE7CAC142692510000A9AC /* Pedestrian.hpp */,
				C9AE7CAD1426925A0000A9AC /* Pedestrian.cpp */,
			);
			name = Entities;
			sourceTree = "<group>";
		};
/* End PBXGroup section */

/* Begin PBXNativeTarget section */
		C9AE7C4C1423CA000000A9AC /* TheKeeper */ = {
			isa = PBXNativeTarget;
			buildConfigurationList = C9AE7C671423CA010000A9AC /* Build configuration list for PBXNativeTarget "TheKeeper" */;
			buildPhases = (
				C9AE7C481423CA000000A9AC /* ShellScript */,
				C9AE7C491423CA000000A9AC /* Sources */,
				C9AE7C4A1423CA000000A9AC /* Frameworks */,
				C9AE7C4B1423CA000000A9AC /* Resources */,
			);
			buildRules = (
			);
			dependencies = (
			);
			name = TheKeeper;
			productName = TheKeeper;
			productReference = C9AE7C4D1423CA000000A9AC /* TheKeeper.app */;
			productType = "com.apple.product-type.application";
		};
/* End PBXNativeTarget section */

/* Begin PBXProject section */
		C9AE7C431423CA000000A9AC /* Project object */ = {
			isa = PBXProject;
			attributes = {
				ORGANIZATIONNAME = GloryFish.org;
			};
			buildConfigurationList = C9AE7C461423CA000000A9AC /* Build configuration list for PBXProject "TheKeeper" */;
			compatibilityVersion = "Xcode 3.2";
			developmentRegion = English;
			hasScannedForEncodings = 0;
			knownRegions = (
				en,
			);
			mainGroup = C9AE7C411423CA000000A9AC;
			productRefGroup = C9AE7C4E1423CA000000A9AC /* Products */;
			projectDirPath = "";
			projectRoot = "";
			targets = (
				C9AE7C4C1423CA000000A9AC /* TheKeeper */,
			);
		};
/* End PBXProject section */

/* Begin PBXResourcesBuildPhase section */
		C9AE7C4B1423CA000000A9AC /* Resources */ = {
			isa = PBXResourcesBuildPhase;
			buildActionMask = 2147483647;
			files = (
				C9AE7C641423CA010000A9AC /* InfoPlist.strings in Resources */,
				C9AE7C8B142423500000A9AC /* config.ini in Resources */,
				C9AE7C9114242A810000A9AC /* spritesheet.png in Resources */,
				C9AE7C9614244E1E0000A9AC /* player.ini in Resources */,
				C9AE7C99142562960000A9AC /* scene.png in Resources */,
				C9AE7CA01425A3840000A9AC /* fruit_fly.ogg in Resources */,
				C9AE7CA81425ABA80000A9AC /* trashcan.ini in Resources */,
				C9AE7CB3142697260000A9AC /* pedestrian.ini in Resources */,
				C9B2BD6014329F8C0003598A /* player.ani in Resources */,
				C9CD64E21435685F00450406 /* female-names.txt in Resources */,
				C9CD64E31435685F00450406 /* last-names.txt in Resources */,
				C9CD64E41435685F00450406 /* male-names.txt in Resources */,
				C9CD64EF1435781000450406 /* female-names-unique.txt in Resources */,
				C9CD64F01435781000450406 /* male-names-unique.txt in Resources */,
				C95459931437B4BA00F6B4A8 /* mobs.ani in Resources */,
			);
			runOnlyForDeploymentPostprocessing = 0;
		};
/* End PBXResourcesBuildPhase section */

/* Begin PBXShellScriptBuildPhase section */
		C9AE7C481423CA000000A9AC /* ShellScript */ = {
			isa = PBXShellScriptBuildPhase;
			buildActionMask = 2147483647;
			files = (
			);
			inputPaths = (
			);
			outputPaths = (
			);
			runOnlyForDeploymentPostprocessing = 0;
			shellPath = /bin/sh;
			shellScript = "# This shell script simply copies required sfml dylibs into the application bundle frameworks folder\n# NB : this script assumes that if moduleX is required in release mode then it is also required in debug mode.\n\nrequire () # $1 is a SFML module like 'system' or 'audio'\n{\n    if [ -z $1 ]\n    then\n        echo \"no parameter! ERROR!\"\n        exit\n    else\n        if [ $CONFIGURATION = \"Debug\" ]\n        then\n            rm -f $BUILT_PRODUCTS_DIR/test.app/Contents/Frameworks/libsfml-$1.2.dylib\n            ditto /usr/local/lib/libsfml-$1-d.2.dylib $BUILT_PRODUCTS_DIR/test.app/Contents/Frameworks/libsfml-$1-d.2.dylib\n        else\n            rm -f $BUILT_PRODUCTS_DIR/test.app/Contents/Frameworks/libsfml-$1-d.2.dylib\n            ditto /usr/local/lib/libsfml-$1.2.dylib $BUILT_PRODUCTS_DIR/test.app/Contents/Frameworks/libsfml-$1.2.dylib\n        fi\n    fi\n}\n\nif [ -n \"$SYSTEM_RELEASE\" ]\nthen\n    require \"system\"\nfi\n\nif [ -n \"$AUDIO_RELEASE\" ]\nthen\n    require \"audio\"\nfi\n\nif [ -n \"$NETWORK_RELEASE\" ]\nthen\n    require \"network\"\nfi\n\nif [ -n \"$WINDOW_RELEASE\" ]\nthen\n    require \"window\"\nfi\n\nif [ -n \"$GRAPHICS_RELEASE\" ]\nthen\n    require \"graphics\"\nfi\n\t\t\t\t\t";
		};
/* End PBXShellScriptBuildPhase section */

/* Begin PBXSourcesBuildPhase section */
		C9AE7C491423CA000000A9AC /* Sources */ = {
			isa = PBXSourcesBuildPhase;
			buildActionMask = 2147483647;
			files = (
				C9AE7C551423CA000000A9AC /* main.cpp in Sources */,
				C9AE7C571423CA010000A9AC /* ResourcePath.mm in Sources */,
				C9AE7C771423CA3B0000A9AC /* Game.cpp in Sources */,
				C9AE7C791423CA3B0000A9AC /* Logger.cpp in Sources */,
				C9AE7C7A1423CA3B0000A9AC /* StateManager.cpp in Sources */,
				C9AE7C7D1423CA630000A9AC /* GameState.cpp in Sources */,
				C9AE7C841423DEB70000A9AC /* KeeperGame.cpp in Sources */,
				C9AE7C891423E2BC0000A9AC /* ConfigFile.cpp in Sources */,
				C9AE7C8E142427350000A9AC /* Player.cpp in Sources */,
				C9AE7C9B14257C130000A9AC /* Camera.cpp in Sources */,
				C9AE7CA31425A52D0000A9AC /* Trashcan.cpp in Sources */,
				C9AE7CA61425A5CA0000A9AC /* TextureManager.cpp in Sources */,
				C9AE7CAE1426925A0000A9AC /* Pedestrian.cpp in Sources */,
				C9AE7CB1142692A20000A9AC /* Entity.cpp in Sources */,
				C9B2BD5D143298310003598A /* AnimationStore.cpp in Sources */,
				C9CD64E81435693600450406 /* NameGenerator.cpp in Sources */,
				C95459891437889500F6B4A8 /* Mob.cpp in Sources */,
			);
			runOnlyForDeploymentPostprocessing = 0;
		};
/* End PBXSourcesBuildPhase section */

/* Begin PBXVariantGroup section */
		C9AE7C621423CA010000A9AC /* InfoPlist.strings */ = {
			isa = PBXVariantGroup;
			children = (
				C9AE7C631423CA010000A9AC /* en */,
			);
			name = InfoPlist.strings;
			sourceTree = "<group>";
		};
/* End PBXVariantGroup section */

/* Begin XCBuildConfiguration section */
		C9AE7C651423CA010000A9AC /* Debug */ = {
			isa = XCBuildConfiguration;
			buildSettings = {
				ALWAYS_SEARCH_USER_PATHS = NO;
				ARCHS = "$(ARCHS_STANDARD_64_BIT)";
				AUDIO_DEBUG = "-lsfml-audio-d";
				AUDIO_RELEASE = "-lsfml-audio";
				COPY_PHASE_STRIP = NO;
				GCC_C_LANGUAGE_STANDARD = gnu99;
				GCC_DYNAMIC_NO_PIC = NO;
				GCC_ENABLE_OBJC_EXCEPTIONS = YES;
				GCC_OPTIMIZATION_LEVEL = 0;
				GCC_PREPROCESSOR_DEFINITIONS = (
					"DEBUG=1",
					"$(inherited)",
				);
				GCC_SYMBOLS_PRIVATE_EXTERN = NO;
				GCC_VERSION = com.apple.compilers.llvm.clang.1_0;
				GCC_WARN_64_TO_32_BIT_CONVERSION = YES;
				GCC_WARN_ABOUT_MISSING_PROTOTYPES = YES;
				GCC_WARN_ABOUT_RETURN_TYPE = YES;
				GCC_WARN_UNUSED_VARIABLE = YES;
				GRAPHICS_DEBUG = "-lsfml-graphics-d";
				GRAPHICS_RELEASE = "-lsfml-graphics";
				HEADER_SEARCH_PATHS = (
					"$(HEADER_SEARCH_PATHS)",
					/usr/local/include/,
				);
				MACOSX_DEPLOYMENT_TARGET = 10.7;
				NETWORK_DEBUG = "";
				NETWORK_RELEASE = "";
				ONLY_ACTIVE_ARCH = YES;
				OTHER_LDFLAGS = (
					"$(OTHER_LDFLAGS)",
					"$(SYSTEM_DEBUG)",
					"$(WINDOW_DEBUG)",
					"$(GRAPHICS_DEBUG)",
					"$(AUDIO_DEBUG)",
					"$(NETWORK_DEBUG)",
				);
				PRODUCT_NAME = "$(TARGET_NAME)";
				SDKROOT = macosx;
				SYSTEM_DEBUG = "-lsfml-system-d";
				SYSTEM_RELEASE = "-lsfml-system";
				WINDOW_DEBUG = "-lsfml-window-d";
				WINDOW_RELEASE = "-lsfml-window";
			};
			name = Debug;
		};
		C9AE7C661423CA010000A9AC /* Release */ = {
			isa = XCBuildConfiguration;
			buildSettings = {
				ALWAYS_SEARCH_USER_PATHS = NO;
				ARCHS = "$(ARCHS_STANDARD_64_BIT)";
				AUDIO_DEBUG = "-lsfml-audio-d";
				AUDIO_RELEASE = "-lsfml-audio";
				COPY_PHASE_STRIP = YES;
				DEBUG_INFORMATION_FORMAT = "dwarf-with-dsym";
				GCC_C_LANGUAGE_STANDARD = gnu99;
				GCC_ENABLE_OBJC_EXCEPTIONS = YES;
				GCC_VERSION = com.apple.compilers.llvm.clang.1_0;
				GCC_WARN_64_TO_32_BIT_CONVERSION = YES;
				GCC_WARN_ABOUT_MISSING_PROTOTYPES = YES;
				GCC_WARN_ABOUT_RETURN_TYPE = YES;
				GCC_WARN_UNUSED_VARIABLE = YES;
				GRAPHICS_DEBUG = "-lsfml-graphics-d";
				GRAPHICS_RELEASE = "-lsfml-graphics";
				HEADER_SEARCH_PATHS = (
					"$(HEADER_SEARCH_PATHS)",
					/usr/local/include/,
				);
				MACOSX_DEPLOYMENT_TARGET = 10.7;
				NETWORK_DEBUG = "";
				NETWORK_RELEASE = "";
				OTHER_LDFLAGS = (
					"$(OTHER_LDFLAGS)",
					"$(SYSTEM_RELEASE)",
					"$(WINDOW_RELEASE)",
					"$(GRAPHICS_RELEASE)",
					"$(AUDIO_RELEASE)",
					"$(NETWORK_RELEASE)",
				);
				PRODUCT_NAME = "$(TARGET_NAME)";
				SDKROOT = macosx;
				SYSTEM_DEBUG = "-lsfml-system-d";
				SYSTEM_RELEASE = "-lsfml-system";
				WINDOW_DEBUG = "-lsfml-window-d";
				WINDOW_RELEASE = "-lsfml-window";
			};
			name = Release;
		};
		C9AE7C681423CA010000A9AC /* Debug */ = {
			isa = XCBuildConfiguration;
			buildSettings = {
				COPY_PHASE_STRIP = NO;
				GCC_DYNAMIC_NO_PIC = NO;
				GCC_PRECOMPILE_PREFIX_HEADER = NO;
				GCC_PREFIX_HEADER = "";
				INFOPLIST_FILE = "TheKeeper/TheKeeper-Info.plist";
				PRODUCT_NAME = "$(TARGET_NAME)";
				WRAPPER_EXTENSION = app;
			};
			name = Debug;
		};
		C9AE7C691423CA010000A9AC /* Release */ = {
			isa = XCBuildConfiguration;
			buildSettings = {
				COPY_PHASE_STRIP = YES;
				GCC_PRECOMPILE_PREFIX_HEADER = NO;
				GCC_PREFIX_HEADER = "";
				INFOPLIST_FILE = "TheKeeper/TheKeeper-Info.plist";
				PRODUCT_NAME = "$(TARGET_NAME)";
				WRAPPER_EXTENSION = app;
			};
			name = Release;
		};
/* End XCBuildConfiguration section */

/* Begin XCConfigurationList section */
		C9AE7C461423CA000000A9AC /* Build configuration list for PBXProject "TheKeeper" */ = {
			isa = XCConfigurationList;
			buildConfigurations = (
				C9AE7C651423CA010000A9AC /* Debug */,
				C9AE7C661423CA010000A9AC /* Release */,
			);
			defaultConfigurationIsVisible = 0;
			defaultConfigurationName = Release;
		};
		C9AE7C671423CA010000A9AC /* Build configuration list for PBXNativeTarget "TheKeeper" */ = {
			isa = XCConfigurationList;
			buildConfigurations = (
				C9AE7C681423CA010000A9AC /* Debug */,
				C9AE7C691423CA010000A9AC /* Release */,
			);
			defaultConfigurationIsVisible = 0;
			defaultConfigurationName = Release;
		};
/* End XCConfigurationList section */
	};
	rootObject = C9AE7C431423CA000000A9AC /* Project object */;
}
